
Microsoft Visual Studio Solution File, Format Version 12.00
# Visual Studio Version 17
VisualStudioVersion = 17.4.33110.190
MinimumVisualStudioVersion = 10.0.40219.1
Project("{FAE04EC0-301F-11D3-BF4B-00C04F79EFBC}") = "Projects-API", "Projects-API\Projects-API.csproj", "{880A9CC8-B4E3-4213-9994-1B2A3C4085DB}"
EndProject
Global
	GlobalSection(SolutionConfigurationPlatforms) = preSolution
		Debug|Any CPU = Debug|Any CPU
		Release|Any CPU = Release|Any CPU
	EndGlobalSection
	GlobalSection(ProjectConfigurationPlatforms) = postSolution
		{880A9CC8-B4E3-4213-9994-1B2A3C4085DB}.Debug|Any CPU.ActiveCfg = Debug|Any CPU
		{880A9CC8-B4E3-4213-9994-1B2A3C4085DB}.Debug|Any CPU.Build.0 = Debug|Any CPU
		{880A9CC8-B4E3-4213-9994-1B2A3C4085DB}.Release|Any CPU.ActiveCfg = Release|Any CPU
		{880A9CC8-B4E3-4213-9994-1B2A3C4085DB}.Release|Any CPU.Build.0 = Release|Any CPU
	EndGlobalSection
	GlobalSection(SolutionProperties) = preSolution
		HideSolutionNode = FALSE
	EndGlobalSection
	GlobalSection(ExtensibilityGlobals) = postSolution
		SolutionGuid = {84DF5E6B-964B-4E30-8DDF-2131FABF5E42}
	EndGlobalSection
EndGlobal
